
Microsoft Visual Studio Solution File, Format Version 12.00
# Visual Studio Version 17
VisualStudioVersion = 17.13.35818.85 d17.13
MinimumVisualStudioVersion = 10.0.40219.1
Project("{FAE04EC0-301F-11D3-BF4B-00C04F79EFBC}") = "FoodforAll", "FoodforAll\FoodforAll.csproj", "{C1FE5052-9038-4D96-9BB2-4797E4332A8F}"
EndProject
Global
	GlobalSection(SolutionConfigurationPlatforms) = preSolution
		Debug|Any CPU = Debug|Any CPU
		Release|Any CPU = Release|Any CPU
	EndGlobalSection
	GlobalSection(ProjectConfigurationPlatforms) = postSolution
		{C1FE5052-9038-4D96-9BB2-4797E4332A8F}.Debug|Any CPU.ActiveCfg = Debug|Any CPU
		{C1FE5052-9038-4D96-9BB2-4797E4332A8F}.Debug|Any CPU.Build.0 = Debug|Any CPU
		{C1FE5052-9038-4D96-9BB2-4797E4332A8F}.Release|Any CPU.ActiveCfg = Release|Any CPU
		{C1FE5052-9038-4D96-9BB2-4797E4332A8F}.Release|Any CPU.Build.0 = Release|Any CPU
	EndGlobalSection
	GlobalSection(SolutionProperties) = preSolution
		HideSolutionNode = FALSE
	EndGlobalSection
	GlobalSection(ExtensibilityGlobals) = postSolution
		SolutionGuid = {A8DDB171-685E-4B66-974C-727ED246F60D}
	EndGlobalSection
EndGlobal
